
Microsoft Visual Studio Solution File, Format Version 12.00
# Visual Studio Version 16
VisualStudioVersion = 16.0.31019.35
MinimumVisualStudioVersion = 10.0.40219.1
Project("{FAE04EC0-301F-11D3-BF4B-00C04F79EFBC}") = "NeredeNeYesem", "NeredeNeYesem\NeredeNeYesem.csproj", "{8BA7B8A2-22B1-41AA-BE70-BC56FA62B122}"
EndProject
Global
	GlobalSection(SolutionConfigurationPlatforms) = preSolution
		Debug|Any CPU = Debug|Any CPU
		Release|Any CPU = Release|Any CPU
	EndGlobalSection
	GlobalSection(ProjectConfigurationPlatforms) = postSolution
		{8BA7B8A2-22B1-41AA-BE70-BC56FA62B122}.Debug|Any CPU.ActiveCfg = Debug|Any CPU
		{8BA7B8A2-22B1-41AA-BE70-BC56FA62B122}.Debug|Any CPU.Build.0 = Debug|Any CPU
		{8BA7B8A2-22B1-41AA-BE70-BC56FA62B122}.Release|Any CPU.ActiveCfg = Release|Any CPU
		{8BA7B8A2-22B1-41AA-BE70-BC56FA62B122}.Release|Any CPU.Build.0 = Release|Any CPU
	EndGlobalSection
	GlobalSection(SolutionProperties) = preSolution
		HideSolutionNode = FALSE
	EndGlobalSection
	GlobalSection(ExtensibilityGlobals) = postSolution
		SolutionGuid = {9EFD025A-CB23-4386-8418-29AE3F7837D4}
	EndGlobalSection
EndGlobal
